
Microsoft Visual Studio Solution File, Format Version 11.00
# Visual Studio 2010
Project("{FAE04EC0-301F-11D3-BF4B-00C04F79EFBC}") = "GNRS.ModuloPresupuesto.UI", "GNRS.ModuloPresupuesto.UI\GNRS.ModuloPresupuesto.UI.csproj", "{A62C5A76-3D5B-4790-9210-8F476BAE9FFA}"
EndProject
Project("{FAE04EC0-301F-11D3-BF4B-00C04F79EFBC}") = "GNRS.ModuloPresupuesto.BL.BC", "GNRS.ModuloPresupuesto.BL.BC\GNRS.ModuloPresupuesto.BL.BC.csproj", "{3C18BCC9-1237-4AD9-AE78-59D61D6FEB7B}"
EndProject
Project("{FAE04EC0-301F-11D3-BF4B-00C04F79EFBC}") = "GNRS.ModuloPresupuesto.DL.DALC", "GNRS.ModuloPresupuesto.DL.DALC\GNRS.ModuloPresupuesto.DL.DALC.csproj", "{402F69F2-C703-40F8-8B5F-9E3AE5600BC0}"
EndProject
Project("{FAE04EC0-301F-11D3-BF4B-00C04F79EFBC}") = "GNRS.ModuloPresupuesto.BL.BE", "GNRS.ModuloPresupuesto.BL.BE\GNRS.ModuloPresupuesto.BL.BE.csproj", "{9B3C8783-DC6D-4E2B-84E3-AB69ABC03114}"
EndProject
Project("{FAE04EC0-301F-11D3-BF4B-00C04F79EFBC}") = "GNRS.ModuloPresupuesto.Pruebas", "GNRS.ModuloPresupuesto.Pruebas\GNRS.ModuloPresupuesto.Pruebas.csproj", "{A00E4671-783B-4F70-88BF-9627622DB595}"
EndProject
Project("{FAE04EC0-301F-11D3-BF4B-00C04F79EFBC}") = "TestProject1", "TestProject1\TestProject1.csproj", "{B97F2177-9C05-4EF4-B665-4FCD0EF6FD52}"
EndProject
Project("{2150E333-8FDC-42A3-9474-1A3956D46DE8}") = "Solution Items", "Solution Items", "{B4C234A9-249D-4788-9946-422D73E05474}"
	ProjectSection(SolutionItems) = preProject
		Local.testsettings = Local.testsettings
		ModuloPresupuesto.vsmdi = ModuloPresupuesto.vsmdi
		TraceAndTestImpact.testsettings = TraceAndTestImpact.testsettings
	EndProjectSection
EndProject
Global
	GlobalSection(TestCaseManagementSettings) = postSolution
		CategoryFile = ModuloPresupuesto.vsmdi
	EndGlobalSection
	GlobalSection(SolutionConfigurationPlatforms) = preSolution
		Debug|Any CPU = Debug|Any CPU
		Release|Any CPU = Release|Any CPU
	EndGlobalSection
	GlobalSection(ProjectConfigurationPlatforms) = postSolution
		{A62C5A76-3D5B-4790-9210-8F476BAE9FFA}.Debug|Any CPU.ActiveCfg = Debug|Any CPU
		{A62C5A76-3D5B-4790-9210-8F476BAE9FFA}.Debug|Any CPU.Build.0 = Debug|Any CPU
		{A62C5A76-3D5B-4790-9210-8F476BAE9FFA}.Release|Any CPU.ActiveCfg = Release|Any CPU
		{A62C5A76-3D5B-4790-9210-8F476BAE9FFA}.Release|Any CPU.Build.0 = Release|Any CPU
		{3C18BCC9-1237-4AD9-AE78-59D61D6FEB7B}.Debug|Any CPU.ActiveCfg = Debug|Any CPU
		{3C18BCC9-1237-4AD9-AE78-59D61D6FEB7B}.Debug|Any CPU.Build.0 = Debug|Any CPU
		{3C18BCC9-1237-4AD9-AE78-59D61D6FEB7B}.Release|Any CPU.ActiveCfg = Release|Any CPU
		{3C18BCC9-1237-4AD9-AE78-59D61D6FEB7B}.Release|Any CPU.Build.0 = Release|Any CPU
		{402F69F2-C703-40F8-8B5F-9E3AE5600BC0}.Debug|Any CPU.ActiveCfg = Debug|Any CPU
		{402F69F2-C703-40F8-8B5F-9E3AE5600BC0}.Debug|Any CPU.Build.0 = Debug|Any CPU
		{402F69F2-C703-40F8-8B5F-9E3AE5600BC0}.Release|Any CPU.ActiveCfg = Release|Any CPU
		{402F69F2-C703-40F8-8B5F-9E3AE5600BC0}.Release|Any CPU.Build.0 = Release|Any CPU
		{9B3C8783-DC6D-4E2B-84E3-AB69ABC03114}.Debug|Any CPU.ActiveCfg = Debug|Any CPU
		{9B3C8783-DC6D-4E2B-84E3-AB69ABC03114}.Debug|Any CPU.Build.0 = Debug|Any CPU
		{9B3C8783-DC6D-4E2B-84E3-AB69ABC03114}.Release|Any CPU.ActiveCfg = Release|Any CPU
		{9B3C8783-DC6D-4E2B-84E3-AB69ABC03114}.Release|Any CPU.Build.0 = Release|Any CPU
		{A00E4671-783B-4F70-88BF-9627622DB595}.Debug|Any CPU.ActiveCfg = Debug|Any CPU
		{A00E4671-783B-4F70-88BF-9627622DB595}.Debug|Any CPU.Build.0 = Debug|Any CPU
		{A00E4671-783B-4F70-88BF-9627622DB595}.Release|Any CPU.ActiveCfg = Release|Any CPU
		{A00E4671-783B-4F70-88BF-9627622DB595}.Release|Any CPU.Build.0 = Release|Any CPU
		{B97F2177-9C05-4EF4-B665-4FCD0EF6FD52}.Debug|Any CPU.ActiveCfg = Debug|Any CPU
		{B97F2177-9C05-4EF4-B665-4FCD0EF6FD52}.Debug|Any CPU.Build.0 = Debug|Any CPU
		{B97F2177-9C05-4EF4-B665-4FCD0EF6FD52}.Release|Any CPU.ActiveCfg = Release|Any CPU
		{B97F2177-9C05-4EF4-B665-4FCD0EF6FD52}.Release|Any CPU.Build.0 = Release|Any CPU
	EndGlobalSection
	GlobalSection(SolutionProperties) = preSolution
		HideSolutionNode = FALSE
	EndGlobalSection
EndGlobal
